// !$*UTF8*$!
{
	archiveVersion = 1;
	classes = {
	};
	objectVersion = 46;
	objects = {

/* Begin PBXBuildFile section */
		599AF6C7EA5B4886EB8D71D5 /* Pods_geraldph.framework in Frameworks */ = {isa = PBXBuildFile; fileRef = 58DAC0155019020833E2B874 /* Pods_geraldph.framework */; };
		C63F7CB62022A2A600B6F115 /* ContentUtil.swift in Sources */ = {isa = PBXBuildFile; fileRef = C63F7CB52022A2A600B6F115 /* ContentUtil.swift */; };
		C63F7CBA2022A46D00B6F115 /* MainMenuTableViewCell.swift in Sources */ = {isa = PBXBuildFile; fileRef = C63F7CB92022A46D00B6F115 /* MainMenuTableViewCell.swift */; };
		C63F7CBC2022FE4800B6F115 /* LandingPageViewController.swift in Sources */ = {isa = PBXBuildFile; fileRef = C63F7CBB2022FE4800B6F115 /* LandingPageViewController.swift */; };
		C63F7CBF2022FF7B00B6F115 /* GradientView.xib in Resources */ = {isa = PBXBuildFile; fileRef = C63F7CBD2022FF7B00B6F115 /* GradientView.xib */; };
		C63F7CC22022FFAB00B6F115 /* GradientView.swift in Sources */ = {isa = PBXBuildFile; fileRef = C63F7CC12022FFAB00B6F115 /* GradientView.swift */; };
		C64348402021739D00A903D0 /* PopupViewController.swift in Sources */ = {isa = PBXBuildFile; fileRef = C643483F2021739D00A903D0 /* PopupViewController.swift */; };
		C64348422021747D00A903D0 /* MenuViewController.swift in Sources */ = {isa = PBXBuildFile; fileRef = C64348412021747D00A903D0 /* MenuViewController.swift */; };
		C69E49422033E8FD00B9AB42 /* AppUtil.swift in Sources */ = {isa = PBXBuildFile; fileRef = C69E49412033E8FD00B9AB42 /* AppUtil.swift */; };
		C69E49442033E92F00B9AB42 /* NotificationHTTPClient.swift in Sources */ = {isa = PBXBuildFile; fileRef = C69E49432033E92F00B9AB42 /* NotificationHTTPClient.swift */; };
		C6BDCC961F43DF74000A9BD5 /* AppDelegate.swift in Sources */ = {isa = PBXBuildFile; fileRef = C6BDCC951F43DF74000A9BD5 /* AppDelegate.swift */; };
		C6BDCCA01F43DF74000A9BD5 /* Assets.xcassets in Resources */ = {isa = PBXBuildFile; fileRef = C6BDCC9F1F43DF74000A9BD5 /* Assets.xcassets */; };
		C6BDCCB01F43E816000A9BD5 /* geraldph.xcdatamodeld in Sources */ = {isa = PBXBuildFile; fileRef = C6BDCCAC1F43E816000A9BD5 /* geraldph.xcdatamodeld */; };
		C6BDCCB11F43E816000A9BD5 /* DashboardViewController.swift in Sources */ = {isa = PBXBuildFile; fileRef = C6BDCCAF1F43E816000A9BD5 /* DashboardViewController.swift */; };
		C6BDCCB41F43E828000A9BD5 /* Main.storyboard in Resources */ = {isa = PBXBuildFile; fileRef = C6BDCCB21F43E828000A9BD5 /* Main.storyboard */; };
/* End PBXBuildFile section */

/* Begin PBXFileReference section */
		11BBF0F979B96049E4A76A97 /* Pods-geraldph.release.xcconfig */ = {isa = PBXFileReference; includeInIndex = 1; lastKnownFileType = text.xcconfig; name = "Pods-geraldph.release.xcconfig"; path = "Pods/Target Support Files/Pods-geraldph/Pods-geraldph.release.xcconfig"; sourceTree = "<group>"; };
		58DAC0155019020833E2B874 /* Pods_geraldph.framework */ = {isa = PBXFileReference; explicitFileType = wrapper.framework; includeInIndex = 0; path = Pods_geraldph.framework; sourceTree = BUILT_PRODUCTS_DIR; };
		9D156E8B77771BAC5B8BB22C /* Pods-geraldph.debug.xcconfig */ = {isa = PBXFileReference; includeInIndex = 1; lastKnownFileType = text.xcconfig; name = "Pods-geraldph.debug.xcconfig"; path = "Pods/Target Support Files/Pods-geraldph/Pods-geraldph.debug.xcconfig"; sourceTree = "<group>"; };
		C63303BB1F442599007C251F /* geraldph-Bridging-Header.h */ = {isa = PBXFileReference; lastKnownFileType = sourcecode.c.h; path = "geraldph-Bridging-Header.h"; sourceTree = "<group>"; };
		C63303BC1F442599007C251F /* Global.h */ = {isa = PBXFileReference; lastKnownFileType = sourcecode.c.h; path = Global.h; sourceTree = "<group>"; };
		C63F7CB52022A2A600B6F115 /* ContentUtil.swift */ = {isa = PBXFileReference; lastKnownFileType = sourcecode.swift; path = ContentUtil.swift; sourceTree = "<group>"; };
		C63F7CB92022A46D00B6F115 /* MainMenuTableViewCell.swift */ = {isa = PBXFileReference; lastKnownFileType = sourcecode.swift; path = MainMenuTableViewCell.swift; sourceTree = "<group>"; };
		C63F7CBB2022FE4800B6F115 /* LandingPageViewController.swift */ = {isa = PBXFileReference; lastKnownFileType = sourcecode.swift; path = LandingPageViewController.swift; sourceTree = "<group>"; };
		C63F7CBE2022FF7B00B6F115 /* Base */ = {isa = PBXFileReference; lastKnownFileType = file.xib; name = Base; path = Base.lproj/GradientView.xib; sourceTree = "<group>"; };
		C63F7CC12022FFAB00B6F115 /* GradientView.swift */ = {isa = PBXFileReference; lastKnownFileType = sourcecode.swift; path = GradientView.swift; sourceTree = "<group>"; };
		C643483F2021739D00A903D0 /* PopupViewController.swift */ = {isa = PBXFileReference; lastKnownFileType = sourcecode.swift; path = PopupViewController.swift; sourceTree = "<group>"; };
		C64348412021747D00A903D0 /* MenuViewController.swift */ = {isa = PBXFileReference; lastKnownFileType = sourcecode.swift; path = MenuViewController.swift; sourceTree = "<group>"; };
		C69E49412033E8FD00B9AB42 /* AppUtil.swift */ = {isa = PBXFileReference; lastKnownFileType = sourcecode.swift; path = AppUtil.swift; sourceTree = "<group>"; };
		C69E49432033E92F00B9AB42 /* NotificationHTTPClient.swift */ = {isa = PBXFileReference; lastKnownFileType = sourcecode.swift; path = NotificationHTTPClient.swift; sourceTree = "<group>"; };
		C69E49452034024C00B9AB42 /* geraldph.entitlements */ = {isa = PBXFileReference; lastKnownFileType = text.plist.entitlements; path = geraldph.entitlements; sourceTree = "<group>"; };
		C6BDCC921F43DF74000A9BD5 /* geraldph.app */ = {isa = PBXFileReference; explicitFileType = wrapper.application; includeInIndex = 0; path = geraldph.app; sourceTree = BUILT_PRODUCTS_DIR; };
		C6BDCC951F43DF74000A9BD5 /* AppDelegate.swift */ = {isa = PBXFileReference; lastKnownFileType = sourcecode.swift; path = AppDelegate.swift; sourceTree = "<group>"; };
		C6BDCC9F1F43DF74000A9BD5 /* Assets.xcassets */ = {isa = PBXFileReference; lastKnownFileType = folder.assetcatalog; path = Assets.xcassets; sourceTree = "<group>"; };
		C6BDCCA41F43DF74000A9BD5 /* Info.plist */ = {isa = PBXFileReference; lastKnownFileType = text.plist.xml; path = Info.plist; sourceTree = "<group>"; };
		C6BDCCAD1F43E816000A9BD5 /* geraldph.xcdatamodel */ = {isa = PBXFileReference; lastKnownFileType = wrapper.xcdatamodel; path = geraldph.xcdatamodel; sourceTree = "<group>"; };
		C6BDCCAF1F43E816000A9BD5 /* DashboardViewController.swift */ = {isa = PBXFileReference; fileEncoding = 4; lastKnownFileType = sourcecode.swift; path = DashboardViewController.swift; sourceTree = "<group>"; };
		C6BDCCB31F43E828000A9BD5 /* Base */ = {isa = PBXFileReference; lastKnownFileType = file.storyboard; name = Base; path = Base.lproj/Main.storyboard; sourceTree = "<group>"; };
/* End PBXFileReference section */

/* Begin PBXFrameworksBuildPhase section */
		C6BDCC8F1F43DF74000A9BD5 /* Frameworks */ = {
			isa = PBXFrameworksBuildPhase;
			buildActionMask = 2147483647;
			files = (
				599AF6C7EA5B4886EB8D71D5 /* Pods_geraldph.framework in Frameworks */,
			);
			runOnlyForDeploymentPostprocessing = 0;
		};
/* End PBXFrameworksBuildPhase section */

/* Begin PBXGroup section */
		1C120DA8AFF6DE50A78FBD55 /* Frameworks */ = {
			isa = PBXGroup;
			children = (
				58DAC0155019020833E2B874 /* Pods_geraldph.framework */,
			);
			name = Frameworks;
			sourceTree = "<group>";
		};
		730E18208A7C17200015019A /* Pods */ = {
			isa = PBXGroup;
			children = (
				9D156E8B77771BAC5B8BB22C /* Pods-geraldph.debug.xcconfig */,
				11BBF0F979B96049E4A76A97 /* Pods-geraldph.release.xcconfig */,
			);
			name = Pods;
			sourceTree = "<group>";
		};
		C63F7CB42022A28500B6F115 /* Controllers */ = {
			isa = PBXGroup;
			children = (
				C63F7CB52022A2A600B6F115 /* ContentUtil.swift */,
				C69E49412033E8FD00B9AB42 /* AppUtil.swift */,
				C69E49432033E92F00B9AB42 /* NotificationHTTPClient.swift */,
			);
			name = Controllers;
			path = geraldph/Controllers;
			sourceTree = SOURCE_ROOT;
		};
		C63F7CB82022A42800B6F115 /* Custom Cells */ = {
			isa = PBXGroup;
			children = (
				C63F7CB92022A46D00B6F115 /* MainMenuTableViewCell.swift */,
			);
			path = "Custom Cells";
			sourceTree = "<group>";
		};
		C63F7CC02022FF9500B6F115 /* Custom Views */ = {
			isa = PBXGroup;
			children = (
				C63F7CC12022FFAB00B6F115 /* GradientView.swift */,
			);
			path = "Custom Views";
			sourceTree = "<group>";
		};
		C6BDCC891F43DF74000A9BD5 = {
			isa = PBXGroup;
			children = (
				C6BDCC941F43DF74000A9BD5 /* geraldph */,
				C6BDCC931F43DF74000A9BD5 /* Products */,
				730E18208A7C17200015019A /* Pods */,
				1C120DA8AFF6DE50A78FBD55 /* Frameworks */,
			);
			sourceTree = "<group>";
		};
		C6BDCC931F43DF74000A9BD5 /* Products */ = {
			isa = PBXGroup;
			children = (
				C6BDCC921F43DF74000A9BD5 /* geraldph.app */,
			);
			name = Products;
			sourceTree = "<group>";
		};
		C6BDCC941F43DF74000A9BD5 /* geraldph */ = {
			isa = PBXGroup;
			children = (
				C69E49452034024C00B9AB42 /* geraldph.entitlements */,
				C6BDCC951F43DF74000A9BD5 /* AppDelegate.swift */,
				C63303BB1F442599007C251F /* geraldph-Bridging-Header.h */,
				C63303BC1F442599007C251F /* Global.h */,
				C6BDCC9F1F43DF74000A9BD5 /* Assets.xcassets */,
				C6BDCCA41F43DF74000A9BD5 /* Info.plist */,
				C6BDCCAB1F43E816000A9BD5 /* Model */,
				C6BDCCAA1F43E800000A9BD5 /* View */,
				C6BDCCAE1F43E816000A9BD5 /* ViewModel */,
				C63F7CB42022A28500B6F115 /* Controllers */,
			);
			path = geraldph;
			sourceTree = "<group>";
		};
		C6BDCCAA1F43E800000A9BD5 /* View */ = {
			isa = PBXGroup;
			children = (
				C6BDCCB21F43E828000A9BD5 /* Main.storyboard */,
				C63F7CBD2022FF7B00B6F115 /* GradientView.xib */,
			);
			name = View;
			sourceTree = "<group>";
		};
		C6BDCCAB1F43E816000A9BD5 /* Model */ = {
			isa = PBXGroup;
			children = (
				C6BDCCAC1F43E816000A9BD5 /* geraldph.xcdatamodeld */,
			);
			path = Model;
			sourceTree = "<group>";
		};
		C6BDCCAE1F43E816000A9BD5 /* ViewModel */ = {
			isa = PBXGroup;
			children = (
				C63F7CB82022A42800B6F115 /* Custom Cells */,
				C63F7CC02022FF9500B6F115 /* Custom Views */,
				C63F7CBB2022FE4800B6F115 /* LandingPageViewController.swift */,
				C643483F2021739D00A903D0 /* PopupViewController.swift */,
				C6BDCCAF1F43E816000A9BD5 /* DashboardViewController.swift */,
				C64348412021747D00A903D0 /* MenuViewController.swift */,
			);
			path = ViewModel;
			sourceTree = "<group>";
		};
/* End PBXGroup section */

/* Begin PBXNativeTarget section */
		C6BDCC911F43DF74000A9BD5 /* geraldph */ = {
			isa = PBXNativeTarget;
			buildConfigurationList = C6BDCCA71F43DF74000A9BD5 /* Build configuration list for PBXNativeTarget "geraldph" */;
			buildPhases = (
				7BE607D7A7779F5FDED475F6 /* [CP] Check Pods Manifest.lock */,
				C6BDCC8E1F43DF74000A9BD5 /* Sources */,
				C6BDCC8F1F43DF74000A9BD5 /* Frameworks */,
				C6BDCC901F43DF74000A9BD5 /* Resources */,
				4A12468F55D1EBC4A72FCD23 /* [CP] Embed Pods Frameworks */,
				42680AC4E134D7FBD2B6742F /* [CP] Copy Pods Resources */,
				C68D5FDF1F4436530059B410 /* ShellScript */,
			);
			buildRules = (
			);
			dependencies = (
			);
			name = geraldph;
			productName = geraldph;
			productReference = C6BDCC921F43DF74000A9BD5 /* geraldph.app */;
			productType = "com.apple.product-type.application";
		};
/* End PBXNativeTarget section */

/* Begin PBXProject section */
		C6BDCC8A1F43DF74000A9BD5 /* Project object */ = {
			isa = PBXProject;
			attributes = {
				LastSwiftUpdateCheck = 0830;
				LastUpgradeCheck = 0920;
				ORGANIZATIONNAME = "HAPILABS LIMITED";
				TargetAttributes = {
					C6BDCC911F43DF74000A9BD5 = {
						CreatedOnToolsVersion = 8.3.2;
						DevelopmentTeam = 4YXJXL374U;
						LastSwiftMigration = 0920;
						ProvisioningStyle = Manual;
						SystemCapabilities = {
							com.apple.BackgroundModes = {
								enabled = 1;
							};
							com.apple.Push = {
								enabled = 1;
							};
						};
					};
				};
			};
			buildConfigurationList = C6BDCC8D1F43DF74000A9BD5 /* Build configuration list for PBXProject "geraldph" */;
			compatibilityVersion = "Xcode 3.2";
			developmentRegion = English;
			hasScannedForEncodings = 0;
			knownRegions = (
				en,
				Base,
			);
			mainGroup = C6BDCC891F43DF74000A9BD5;
			productRefGroup = C6BDCC931F43DF74000A9BD5 /* Products */;
			projectDirPath = "";
			projectRoot = "";
			targets = (
				C6BDCC911F43DF74000A9BD5 /* geraldph */,
			);
		};
/* End PBXProject section */

/* Begin PBXResourcesBuildPhase section */
		C6BDCC901F43DF74000A9BD5 /* Resources */ = {
			isa = PBXResourcesBuildPhase;
			buildActionMask = 2147483647;
			files = (
				C6BDCCA01F43DF74000A9BD5 /* Assets.xcassets in Resources */,
				C6BDCCB41F43E828000A9BD5 /* Main.storyboard in Resources */,
				C63F7CBF2022FF7B00B6F115 /* GradientView.xib in Resources */,
			);
			runOnlyForDeploymentPostprocessing = 0;
		};
/* End PBXResourcesBuildPhase section */

/* Begin PBXShellScriptBuildPhase section */
		42680AC4E134D7FBD2B6742F /* [CP] Copy Pods Resources */ = {
			isa = PBXShellScriptBuildPhase;
			buildActionMask = 2147483647;
			files = (
			);
			inputPaths = (
			);
			name = "[CP] Copy Pods Resources";
			outputPaths = (
			);
			runOnlyForDeploymentPostprocessing = 0;
			shellPath = /bin/sh;
			shellScript = "\"${SRCROOT}/Pods/Target Support Files/Pods-geraldph/Pods-geraldph-resources.sh\"\n";
			showEnvVarsInLog = 0;
		};
		4A12468F55D1EBC4A72FCD23 /* [CP] Embed Pods Frameworks */ = {
			isa = PBXShellScriptBuildPhase;
			buildActionMask = 2147483647;
			files = (
			);
			inputPaths = (
				"${SRCROOT}/Pods/Target Support Files/Pods-geraldph/Pods-geraldph-frameworks.sh",
				"${BUILT_PRODUCTS_DIR}/AFNetworking/AFNetworking.framework",
				"${BUILT_PRODUCTS_DIR}/SWRevealViewController/SWRevealViewController.framework",
			);
			name = "[CP] Embed Pods Frameworks";
			outputPaths = (
				"${TARGET_BUILD_DIR}/${FRAMEWORKS_FOLDER_PATH}/AFNetworking.framework",
				"${TARGET_BUILD_DIR}/${FRAMEWORKS_FOLDER_PATH}/SWRevealViewController.framework",
			);
			runOnlyForDeploymentPostprocessing = 0;
			shellPath = /bin/sh;
			shellScript = "\"${SRCROOT}/Pods/Target Support Files/Pods-geraldph/Pods-geraldph-frameworks.sh\"\n";
			showEnvVarsInLog = 0;
		};
		7BE607D7A7779F5FDED475F6 /* [CP] Check Pods Manifest.lock */ = {
			isa = PBXShellScriptBuildPhase;
			buildActionMask = 2147483647;
			files = (
			);
			inputPaths = (
				"${PODS_PODFILE_DIR_PATH}/Podfile.lock",
				"${PODS_ROOT}/Manifest.lock",
			);
			name = "[CP] Check Pods Manifest.lock";
			outputPaths = (
				"$(DERIVED_FILE_DIR)/Pods-geraldph-checkManifestLockResult.txt",
			);
			runOnlyForDeploymentPostprocessing = 0;
			shellPath = /bin/sh;
			shellScript = "diff \"${PODS_PODFILE_DIR_PATH}/Podfile.lock\" \"${PODS_ROOT}/Manifest.lock\" > /dev/null\nif [ $? != 0 ] ; then\n    # print error to STDERR\n    echo \"error: The sandbox is not in sync with the Podfile.lock. Run 'pod install' or update your CocoaPods installation.\" >&2\n    exit 1\nfi\n# This output is used by Xcode 'outputs' to avoid re-running this script phase.\necho \"SUCCESS\" > \"${SCRIPT_OUTPUT_FILE_0}\"\n";
			showEnvVarsInLog = 0;
		};
		C68D5FDF1F4436530059B410 /* ShellScript */ = {
			isa = PBXShellScriptBuildPhase;
			buildActionMask = 2147483647;
			files = (
			);
			inputPaths = (
			);
			outputPaths = (
			);
			runOnlyForDeploymentPostprocessing = 0;
			shellPath = /bin/sh;
			shellScript = "\"${PODS_ROOT}/Fabric/run\" 4bd653fefec16d38537bf1546f014e6c75d7f206 33bc85fa07d4c09258f5ac640e1d87c89fa024cb3d7d8d1d01f3cfce9b627008";
		};
/* End PBXShellScriptBuildPhase section */

/* Begin PBXSourcesBuildPhase section */
		C6BDCC8E1F43DF74000A9BD5 /* Sources */ = {
			isa = PBXSourcesBuildPhase;
			buildActionMask = 2147483647;
			files = (
				C6BDCCB11F43E816000A9BD5 /* DashboardViewController.swift in Sources */,
				C63F7CB62022A2A600B6F115 /* ContentUtil.swift in Sources */,
				C64348422021747D00A903D0 /* MenuViewController.swift in Sources */,
				C69E49422033E8FD00B9AB42 /* AppUtil.swift in Sources */,
				C63F7CBC2022FE4800B6F115 /* LandingPageViewController.swift in Sources */,
				C6BDCCB01F43E816000A9BD5 /* geraldph.xcdatamodeld in Sources */,
				C6BDCC961F43DF74000A9BD5 /* AppDelegate.swift in Sources */,
				C63F7CBA2022A46D00B6F115 /* MainMenuTableViewCell.swift in Sources */,
				C69E49442033E92F00B9AB42 /* NotificationHTTPClient.swift in Sources */,
				C64348402021739D00A903D0 /* PopupViewController.swift in Sources */,
				C63F7CC22022FFAB00B6F115 /* GradientView.swift in Sources */,
			);
			runOnlyForDeploymentPostprocessing = 0;
		};
/* End PBXSourcesBuildPhase section */

/* Begin PBXVariantGroup section */
		C63F7CBD2022FF7B00B6F115 /* GradientView.xib */ = {
			isa = PBXVariantGroup;
			children = (
				C63F7CBE2022FF7B00B6F115 /* Base */,
			);
			name = GradientView.xib;
			sourceTree = "<group>";
		};
		C6BDCCB21F43E828000A9BD5 /* Main.storyboard */ = {
			isa = PBXVariantGroup;
			children = (
				C6BDCCB31F43E828000A9BD5 /* Base */,
			);
			name = Main.storyboard;
			sourceTree = "<group>";
		};
/* End PBXVariantGroup section */

/* Begin XCBuildConfiguration section */
		C6BDCCA51F43DF74000A9BD5 /* Debug */ = {
			isa = XCBuildConfiguration;
			buildSettings = {
				ALWAYS_SEARCH_USER_PATHS = NO;
				CLANG_ANALYZER_NONNULL = YES;
				CLANG_ANALYZER_NUMBER_OBJECT_CONVERSION = YES_AGGRESSIVE;
				CLANG_CXX_LANGUAGE_STANDARD = "gnu++0x";
				CLANG_CXX_LIBRARY = "libc++";
				CLANG_ENABLE_MODULES = YES;
				CLANG_ENABLE_OBJC_ARC = YES;
				CLANG_WARN_BLOCK_CAPTURE_AUTORELEASING = YES;
				CLANG_WARN_BOOL_CONVERSION = YES;
				CLANG_WARN_COMMA = YES;
				CLANG_WARN_CONSTANT_CONVERSION = YES;
				CLANG_WARN_DIRECT_OBJC_ISA_USAGE = YES_ERROR;
				CLANG_WARN_DOCUMENTATION_COMMENTS = YES;
				CLANG_WARN_EMPTY_BODY = YES;
				CLANG_WARN_ENUM_CONVERSION = YES;
				CLANG_WARN_INFINITE_RECURSION = YES;
				CLANG_WARN_INT_CONVERSION = YES;
				CLANG_WARN_NON_LITERAL_NULL_CONVERSION = YES;
				CLANG_WARN_OBJC_LITERAL_CONVERSION = YES;
				CLANG_WARN_OBJC_ROOT_CLASS = YES_ERROR;
				CLANG_WARN_RANGE_LOOP_ANALYSIS = YES;
				CLANG_WARN_STRICT_PROTOTYPES = YES;
				CLANG_WARN_SUSPICIOUS_MOVE = YES;
				CLANG_WARN_UNREACHABLE_CODE = YES;
				CLANG_WARN__DUPLICATE_METHOD_MATCH = YES;
				"CODE_SIGN_IDENTITY[sdk=iphoneos*]" = "iPhone Developer";
				COPY_PHASE_STRIP = NO;
				DEBUG_INFORMATION_FORMAT = "dwarf-with-dsym";
				ENABLE_BITCODE = NO;
				ENABLE_STRICT_OBJC_MSGSEND = YES;
				ENABLE_TESTABILITY = YES;
				GCC_C_LANGUAGE_STANDARD = gnu99;
				GCC_DYNAMIC_NO_PIC = NO;
				GCC_NO_COMMON_BLOCKS = YES;
				GCC_OPTIMIZATION_LEVEL = 0;
				GCC_PREPROCESSOR_DEFINITIONS = (
					"DEBUG=1",
					"$(inherited)",
				);
				GCC_WARN_64_TO_32_BIT_CONVERSION = YES;
				GCC_WARN_ABOUT_RETURN_TYPE = YES_ERROR;
				GCC_WARN_UNDECLARED_SELECTOR = YES;
				GCC_WARN_UNINITIALIZED_AUTOS = YES_AGGRESSIVE;
				GCC_WARN_UNUSED_FUNCTION = YES;
				GCC_WARN_UNUSED_VARIABLE = YES;
				IPHONEOS_DEPLOYMENT_TARGET = 10.3;
				MTL_ENABLE_DEBUG_INFO = YES;
				ONLY_ACTIVE_ARCH = YES;
				SDKROOT = iphoneos;
				SWIFT_ACTIVE_COMPILATION_CONDITIONS = DEBUG;
				SWIFT_OPTIMIZATION_LEVEL = "-Onone";
				TARGETED_DEVICE_FAMILY = "1,2";
			};
			name = Debug;
		};
		C6BDCCA61F43DF74000A9BD5 /* Release */ = {
			isa = XCBuildConfiguration;
			buildSettings = {
				ALWAYS_SEARCH_USER_PATHS = NO;
				CLANG_ANALYZER_NONNULL = YES;
				CLANG_ANALYZER_NUMBER_OBJECT_CONVERSION = YES_AGGRESSIVE;
				CLANG_CXX_LANGUAGE_STANDARD = "gnu++0x";
				CLANG_CXX_LIBRARY = "libc++";
				CLANG_ENABLE_MODULES = YES;
				CLANG_ENABLE_OBJC_ARC = YES;
				CLANG_WARN_BLOCK_CAPTURE_AUTORELEASING = YES;
				CLANG_WARN_BOOL_CONVERSION = YES;
				CLANG_WARN_COMMA = YES;
				CLANG_WARN_CONSTANT_CONVERSION = YES;
				CLANG_WARN_DIRECT_OBJC_ISA_USAGE = YES_ERROR;
				CLANG_WARN_DOCUMENTATION_COMMENTS = YES;
				CLANG_WARN_EMPTY_BODY = YES;
				CLANG_WARN_ENUM_CONVERSION = YES;
				CLANG_WARN_INFINITE_RECURSION = YES;
				CLANG_WARN_INT_CONVERSION = YES;
				CLANG_WARN_NON_LITERAL_NULL_CONVERSION = YES;
				CLANG_WARN_OBJC_LITERAL_CONVERSION = YES;
				CLANG_WARN_OBJC_ROOT_CLASS = YES_ERROR;
				CLANG_WARN_RANGE_LOOP_ANALYSIS = YES;
				CLANG_WARN_STRICT_PROTOTYPES = YES;
				CLANG_WARN_SUSPICIOUS_MOVE = YES;
				CLANG_WARN_UNREACHABLE_CODE = YES;
				CLANG_WARN__DUPLICATE_METHOD_MATCH = YES;
				"CODE_SIGN_IDENTITY[sdk=iphoneos*]" = "iPhone Developer";
				COPY_PHASE_STRIP = NO;
				DEBUG_INFORMATION_FORMAT = "dwarf-with-dsym";
				ENABLE_BITCODE = NO;
				ENABLE_NS_ASSERTIONS = NO;
				ENABLE_STRICT_OBJC_MSGSEND = YES;
				GCC_C_LANGUAGE_STANDARD = gnu99;
				GCC_NO_COMMON_BLOCKS = YES;
				GCC_WARN_64_TO_32_BIT_CONVERSION = YES;
				GCC_WARN_ABOUT_RETURN_TYPE = YES_ERROR;
				GCC_WARN_UNDECLARED_SELECTOR = YES;
				GCC_WARN_UNINITIALIZED_AUTOS = YES_AGGRESSIVE;
				GCC_WARN_UNUSED_FUNCTION = YES;
				GCC_WARN_UNUSED_VARIABLE = YES;
				IPHONEOS_DEPLOYMENT_TARGET = 10.3;
				MTL_ENABLE_DEBUG_INFO = NO;
				SDKROOT = iphoneos;
				SWIFT_OPTIMIZATION_LEVEL = "-Owholemodule";
				TARGETED_DEVICE_FAMILY = "1,2";
				VALIDATE_PRODUCT = YES;
			};
			name = Release;
		};
		C6BDCCA81F43DF74000A9BD5 /* Debug */ = {
			isa = XCBuildConfiguration;
			baseConfigurationReference = 9D156E8B77771BAC5B8BB22C /* Pods-geraldph.debug.xcconfig */;
			buildSettings = {
				ASSETCATALOG_COMPILER_APPICON_NAME = AppIcon;
				ASSETCATALOG_COMPILER_LAUNCHIMAGE_NAME = LaunchImage;
				CLANG_ENABLE_MODULES = YES;
				CODE_SIGN_ENTITLEMENTS = geraldph/geraldph.entitlements;
				"CODE_SIGN_IDENTITY[sdk=iphoneos*]" = "iPhone Distribution";
				CODE_SIGN_STYLE = Manual;
				DEVELOPMENT_TEAM = 4YXJXL374U;
				ENABLE_BITCODE = NO;
				INFOPLIST_FILE = geraldph/Info.plist;
				IPHONEOS_DEPLOYMENT_TARGET = 9.0;
				LD_RUNPATH_SEARCH_PATHS = "$(inherited) @executable_path/Frameworks";
				PRODUCT_BUNDLE_IDENTIFIER = com.hapilabs.geraldph;
				PRODUCT_NAME = "$(TARGET_NAME)";
				PROVISIONING_PROFILE = "599ef06c-c9f6-4df8-882e-a96a466176d1";
				PROVISIONING_PROFILE_SPECIFIER = "Gerald PH App Store";
				SWIFT_OBJC_BRIDGING_HEADER = "geraldph/geraldph-Bridging-Header.h";
				SWIFT_OPTIMIZATION_LEVEL = "-Onone";
				SWIFT_SWIFT3_OBJC_INFERENCE = Default;
				SWIFT_VERSION = 4.0;
				TARGETED_DEVICE_FAMILY = "1,2";
			};
			name = Debug;
		};
		C6BDCCA91F43DF74000A9BD5 /* Release */ = {
			isa = XCBuildConfiguration;
			baseConfigurationReference = 11BBF0F979B96049E4A76A97 /* Pods-geraldph.release.xcconfig */;
			buildSettings = {
				ASSETCATALOG_COMPILER_APPICON_NAME = AppIcon;
				ASSETCATALOG_COMPILER_LAUNCHIMAGE_NAME = LaunchImage;
				CLANG_ENABLE_MODULES = YES;
				CODE_SIGN_ENTITLEMENTS = geraldph/geraldph.entitlements;
				"CODE_SIGN_IDENTITY[sdk=iphoneos*]" = "iPhone Distribution";
				CODE_SIGN_STYLE = Manual;
				DEVELOPMENT_TEAM = 4YXJXL374U;
				ENABLE_BITCODE = NO;
				INFOPLIST_FILE = geraldph/Info.plist;
				IPHONEOS_DEPLOYMENT_TARGET = 9.0;
				LD_RUNPATH_SEARCH_PATHS = "$(inherited) @executable_path/Frameworks";
				PRODUCT_BUNDLE_IDENTIFIER = com.hapilabs.geraldph;
				PRODUCT_NAME = "$(TARGET_NAME)";
				PROVISIONING_PROFILE = "599ef06c-c9f6-4df8-882e-a96a466176d1";
				PROVISIONING_PROFILE_SPECIFIER = "Gerald PH App Store";
				SWIFT_OBJC_BRIDGING_HEADER = "geraldph/geraldph-Bridging-Header.h";
				SWIFT_SWIFT3_OBJC_INFERENCE = Default;
				SWIFT_VERSION = 4.0;
				TARGETED_DEVICE_FAMILY = "1,2";
			};
			name = Release;
		};
/* End XCBuildConfiguration section */

/* Begin XCConfigurationList section */
		C6BDCC8D1F43DF74000A9BD5 /* Build configuration list for PBXProject "geraldph" */ = {
			isa = XCConfigurationList;
			buildConfigurations = (
				C6BDCCA51F43DF74000A9BD5 /* Debug */,
				C6BDCCA61F43DF74000A9BD5 /* Release */,
			);
			defaultConfigurationIsVisible = 0;
			defaultConfigurationName = Release;
		};
		C6BDCCA71F43DF74000A9BD5 /* Build configuration list for PBXNativeTarget "geraldph" */ = {
			isa = XCConfigurationList;
			buildConfigurations = (
				C6BDCCA81F43DF74000A9BD5 /* Debug */,
				C6BDCCA91F43DF74000A9BD5 /* Release */,
			);
			defaultConfigurationIsVisible = 0;
			defaultConfigurationName = Release;
		};
/* End XCConfigurationList section */

/* Begin XCVersionGroup section */
		C6BDCCAC1F43E816000A9BD5 /* geraldph.xcdatamodeld */ = {
			isa = XCVersionGroup;
			children = (
				C6BDCCAD1F43E816000A9BD5 /* geraldph.xcdatamodel */,
			);
			currentVersion = C6BDCCAD1F43E816000A9BD5 /* geraldph.xcdatamodel */;
			path = geraldph.xcdatamodeld;
			sourceTree = "<group>";
			versionGroupType = wrapper.xcdatamodel;
		};
/* End XCVersionGroup section */
	};
	rootObject = C6BDCC8A1F43DF74000A9BD5 /* Project object */;
}
